
Microsoft Visual Studio Solution File, Format Version 12.00
# Visual Studio Version 17
VisualStudioVersion = 17.13.35919.96
MinimumVisualStudioVersion = 10.0.40219.1
Project("{2150E333-8FDC-42A3-9474-1A3956D46DE8}") = "Server", "Server", "{36D591C7-65C7-A0D1-1CBC-10CDE441BDC8}"
EndProject
Project("{2150E333-8FDC-42A3-9474-1A3956D46DE8}") = "Client", "Client", "{758080C1-E16E-4FEF-A91E-34296369274F}"
EndProject
Project("{FAE04EC0-301F-11D3-BF4B-00C04F79EFBC}") = "AppProjectManagement", "Server\ProjectManagement\AppProjectManagement.csproj", "{A1152423-4A71-DCE4-45CA-C125706961D2}"
EndProject
Project("{FAE04EC0-301F-11D3-BF4B-00C04F79EFBC}") = "BLL", "Server\BLL\BLL.csproj", "{DAE810F5-99A4-F6F0-D21B-E1A38340FFBE}"
EndProject
Project("{FAE04EC0-301F-11D3-BF4B-00C04F79EFBC}") = "DAL", "Server\DAL\DAL.csproj", "{36B108FA-DA41-DA57-9B04-F465B86B0CC6}"
EndProject
Project("{FAE04EC0-301F-11D3-BF4B-00C04F79EFBC}") = "Common", "Server\Common\Common.csproj", "{D9E0612E-2319-EBD4-6964-DC24D395A696}"
EndProject
Project("{FAE04EC0-301F-11D3-BF4B-00C04F79EFBC}") = "DTO", "Server\DTO\DTO.csproj", "{3485935F-153D-18E5-740F-63DCEDFCB5D4}"
EndProject
Project("{FAE04EC0-301F-11D3-BF4B-00C04F79EFBC}") = "Tests", "Server\Tests\Tests.csproj", "{24262EC4-4651-471C-9DDB-CEE6A697752C}"
EndProject
Project("{54A90642-561A-4BB1-A94E-469ADEE60C69}") = "AppProjectManagement.Client", "Client\AppProjectManagement.Client\AppProjectManagement.Client.esproj", "{254C7E2B-4E96-8262-8002-FB607B337B26}"
EndProject
Global
	GlobalSection(SolutionConfigurationPlatforms) = preSolution
		Debug|Any CPU = Debug|Any CPU
		Release|Any CPU = Release|Any CPU
	EndGlobalSection
	GlobalSection(ProjectConfigurationPlatforms) = postSolution
		{A1152423-4A71-DCE4-45CA-C125706961D2}.Debug|Any CPU.ActiveCfg = Debug|Any CPU
		{A1152423-4A71-DCE4-45CA-C125706961D2}.Debug|Any CPU.Build.0 = Debug|Any CPU
		{A1152423-4A71-DCE4-45CA-C125706961D2}.Release|Any CPU.ActiveCfg = Release|Any CPU
		{A1152423-4A71-DCE4-45CA-C125706961D2}.Release|Any CPU.Build.0 = Release|Any CPU
		{DAE810F5-99A4-F6F0-D21B-E1A38340FFBE}.Debug|Any CPU.ActiveCfg = Debug|Any CPU
		{DAE810F5-99A4-F6F0-D21B-E1A38340FFBE}.Debug|Any CPU.Build.0 = Debug|Any CPU
		{DAE810F5-99A4-F6F0-D21B-E1A38340FFBE}.Release|Any CPU.ActiveCfg = Release|Any CPU
		{DAE810F5-99A4-F6F0-D21B-E1A38340FFBE}.Release|Any CPU.Build.0 = Release|Any CPU
		{36B108FA-DA41-DA57-9B04-F465B86B0CC6}.Debug|Any CPU.ActiveCfg = Debug|Any CPU
		{36B108FA-DA41-DA57-9B04-F465B86B0CC6}.Debug|Any CPU.Build.0 = Debug|Any CPU
		{36B108FA-DA41-DA57-9B04-F465B86B0CC6}.Release|Any CPU.ActiveCfg = Release|Any CPU
		{36B108FA-DA41-DA57-9B04-F465B86B0CC6}.Release|Any CPU.Build.0 = Release|Any CPU
		{D9E0612E-2319-EBD4-6964-DC24D395A696}.Debug|Any CPU.ActiveCfg = Debug|Any CPU
		{D9E0612E-2319-EBD4-6964-DC24D395A696}.Debug|Any CPU.Build.0 = Debug|Any CPU
		{D9E0612E-2319-EBD4-6964-DC24D395A696}.Release|Any CPU.ActiveCfg = Release|Any CPU
		{D9E0612E-2319-EBD4-6964-DC24D395A696}.Release|Any CPU.Build.0 = Release|Any CPU
		{3485935F-153D-18E5-740F-63DCEDFCB5D4}.Debug|Any CPU.ActiveCfg = Debug|Any CPU
		{3485935F-153D-18E5-740F-63DCEDFCB5D4}.Debug|Any CPU.Build.0 = Debug|Any CPU
		{3485935F-153D-18E5-740F-63DCEDFCB5D4}.Release|Any CPU.ActiveCfg = Release|Any CPU
		{3485935F-153D-18E5-740F-63DCEDFCB5D4}.Release|Any CPU.Build.0 = Release|Any CPU
		{24262EC4-4651-471C-9DDB-CEE6A697752C}.Debug|Any CPU.ActiveCfg = Debug|Any CPU
		{24262EC4-4651-471C-9DDB-CEE6A697752C}.Debug|Any CPU.Build.0 = Debug|Any CPU
		{24262EC4-4651-471C-9DDB-CEE6A697752C}.Release|Any CPU.ActiveCfg = Release|Any CPU
		{24262EC4-4651-471C-9DDB-CEE6A697752C}.Release|Any CPU.Build.0 = Release|Any CPU
		{254C7E2B-4E96-8262-8002-FB607B337B26}.Debug|Any CPU.ActiveCfg = Debug|Any CPU
		{254C7E2B-4E96-8262-8002-FB607B337B26}.Debug|Any CPU.Build.0 = Debug|Any CPU
		{254C7E2B-4E96-8262-8002-FB607B337B26}.Debug|Any CPU.Deploy.0 = Debug|Any CPU
		{254C7E2B-4E96-8262-8002-FB607B337B26}.Release|Any CPU.ActiveCfg = Release|Any CPU
		{254C7E2B-4E96-8262-8002-FB607B337B26}.Release|Any CPU.Build.0 = Release|Any CPU
		{254C7E2B-4E96-8262-8002-FB607B337B26}.Release|Any CPU.Deploy.0 = Release|Any CPU
	EndGlobalSection
	GlobalSection(SolutionProperties) = preSolution
		HideSolutionNode = FALSE
	EndGlobalSection
	GlobalSection(NestedProjects) = preSolution
		{A1152423-4A71-DCE4-45CA-C125706961D2} = {36D591C7-65C7-A0D1-1CBC-10CDE441BDC8}
		{DAE810F5-99A4-F6F0-D21B-E1A38340FFBE} = {36D591C7-65C7-A0D1-1CBC-10CDE441BDC8}
		{36B108FA-DA41-DA57-9B04-F465B86B0CC6} = {36D591C7-65C7-A0D1-1CBC-10CDE441BDC8}
		{D9E0612E-2319-EBD4-6964-DC24D395A696} = {36D591C7-65C7-A0D1-1CBC-10CDE441BDC8}
		{3485935F-153D-18E5-740F-63DCEDFCB5D4} = {36D591C7-65C7-A0D1-1CBC-10CDE441BDC8}
		{24262EC4-4651-471C-9DDB-CEE6A697752C} = {36D591C7-65C7-A0D1-1CBC-10CDE441BDC8}
		{254C7E2B-4E96-8262-8002-FB607B337B26} = {758080C1-E16E-4FEF-A91E-34296369274F}
	EndGlobalSection
	GlobalSection(ExtensibilityGlobals) = postSolution
		SolutionGuid = {9AE08251-F875-43BB-8E51-889A673DE4EA}
	EndGlobalSection
EndGlobal
